
Microsoft Visual Studio Solution File, Format Version 12.00
# Visual Studio Version 16
VisualStudioVersion = 16.0.31729.503
MinimumVisualStudioVersion = 10.0.40219.1
Project("{FAE04EC0-301F-11D3-BF4B-00C04F79EFBC}") = "eProject3_Verhicle_Management", "eProject3_Verhicle_Management\eProject3_Verhicle_Management.csproj", "{2E65BB18-650D-4E52-91BB-1E690D9CB148}"
EndProject
Global
	GlobalSection(SolutionConfigurationPlatforms) = preSolution
		Debug|Any CPU = Debug|Any CPU
		Release|Any CPU = Release|Any CPU
	EndGlobalSection
	GlobalSection(ProjectConfigurationPlatforms) = postSolution
		{2E65BB18-650D-4E52-91BB-1E690D9CB148}.Debug|Any CPU.ActiveCfg = Debug|Any CPU
		{2E65BB18-650D-4E52-91BB-1E690D9CB148}.Debug|Any CPU.Build.0 = Debug|Any CPU
		{2E65BB18-650D-4E52-91BB-1E690D9CB148}.Release|Any CPU.ActiveCfg = Release|Any CPU
		{2E65BB18-650D-4E52-91BB-1E690D9CB148}.Release|Any CPU.Build.0 = Release|Any CPU
	EndGlobalSection
	GlobalSection(SolutionProperties) = preSolution
		HideSolutionNode = FALSE
	EndGlobalSection
	GlobalSection(ExtensibilityGlobals) = postSolution
		SolutionGuid = {C6508FB4-9B90-428D-8B90-3D54BD839339}
	EndGlobalSection
EndGlobal
